
Microsoft Visual Studio Solution File, Format Version 12.00
# Visual Studio Version 16
VisualStudioVersion = 16.0.29306.81
MinimumVisualStudioVersion = 10.0.40219.1
Project("{FAE04EC0-301F-11D3-BF4B-00C04F79EFBC}") = "ReactApplication", "ReactApplication\ReactApplication.csproj", "{C3428F00-2DD8-418E-946D-B3BE2F599B04}"
EndProject
Global
	GlobalSection(SolutionConfigurationPlatforms) = preSolution
		Debug|Any CPU = Debug|Any CPU
		Release|Any CPU = Release|Any CPU
	EndGlobalSection
	GlobalSection(ProjectConfigurationPlatforms) = postSolution
		{C3428F00-2DD8-418E-946D-B3BE2F599B04}.Debug|Any CPU.ActiveCfg = Debug|Any CPU
		{C3428F00-2DD8-418E-946D-B3BE2F599B04}.Debug|Any CPU.Build.0 = Debug|Any CPU
		{C3428F00-2DD8-418E-946D-B3BE2F599B04}.Release|Any CPU.ActiveCfg = Release|Any CPU
		{C3428F00-2DD8-418E-946D-B3BE2F599B04}.Release|Any CPU.Build.0 = Release|Any CPU
	EndGlobalSection
	GlobalSection(SolutionProperties) = preSolution
		HideSolutionNode = FALSE
	EndGlobalSection
	GlobalSection(ExtensibilityGlobals) = postSolution
		SolutionGuid = {E0AB9C87-13EF-4BE4-8502-D70A601F76D0}
	EndGlobalSection
EndGlobal
